
Microsoft Visual Studio Solution File, Format Version 12.00
Project("{FAE04EC0-301F-11D3-BF4B-00C04F79EFBC}") = "Sollatek.DataSync", "Sollatek.DataSync\Sollatek.DataSync.csproj", "{5259B4FE-BE18-4194-898D-96ADBE170D6E}"
EndProject
Project("{FAE04EC0-301F-11D3-BF4B-00C04F79EFBC}") = "Platform.ApiClient", "Platform.ApiClient\Platform.ApiClient.csproj", "{92E7161D-43F3-473A-A9ED-5C385EC6BB34}"
EndProject
Project("{FAE04EC0-301F-11D3-BF4B-00C04F79EFBC}") = "Sollatek.DataSync.Abstractions", "Sollatek.DataSync.Abstractions\Sollatek.DataSync.Abstractions.csproj", "{29A0C457-884D-4552-B50D-E1A0A8D2D8DC}"
EndProject
Project("{FAE04EC0-301F-11D3-BF4B-00C04F79EFBC}") = "Sollatek.DataSync.Sql", "Stores\Sollatek.DataSync.Sql\Sollatek.DataSync.Sql.csproj", "{32F473AC-1C90-4180-8968-115E6E944371}"
EndProject
Project("{FAE04EC0-301F-11D3-BF4B-00C04F79EFBC}") = "Sollatek.DataSync.Mongo", "Stores\Sollatek.DataSync.Mongo\Sollatek.DataSync.Mongo.csproj", "{865899F9-5B97-4295-9A40-5A5CBE3E62A8}"
EndProject
Project("{FAE04EC0-301F-11D3-BF4B-00C04F79EFBC}") = "Sollatek.DataSync.Filesystem", "Stores\Sollatek.DataSync.Filesystem\Sollatek.DataSync.Filesystem.csproj", "{4949982E-E491-445B-8900-DAE896F460FE}"
EndProject
Project("{2150E333-8FDC-42A3-9474-1A3956D46DE8}") = "Stores", "Stores", "{B58F8F0F-58E8-4E64-95F0-4F13E1D0A320}"
EndProject
Project("{2150E333-8FDC-42A3-9474-1A3956D46DE8}") = "Monitoring", "Monitoring", "{A34E9D69-BD01-4F61-94B0-2DBBBD710524}"
EndProject
Project("{2150E333-8FDC-42A3-9474-1A3956D46DE8}") = "tests", "tests", "{0AB3BF05-4346-4AA6-1389-037BE0695223}"
EndProject
Project("{FAE04EC0-301F-11D3-BF4B-00C04F79EFBC}") = "Sollatek.DataSync.Tests", "tests\Sollatek.DataSync.Tests\Sollatek.DataSync.Tests.csproj", "{83CFE439-20E7-47BC-B393-F2F7FF0F5D34}"
EndProject
Project("{FAE04EC0-301F-11D3-BF4B-00C04F79EFBC}") = "Sollatek.DataSync.Sql.Tests", "tests\Sollatek.DataSync.Sql.Tests\Sollatek.DataSync.Sql.Tests.csproj", "{1EAC11F8-AF3E-45F3-B9A9-39E6E364D858}"
EndProject
Project("{FAE04EC0-301F-11D3-BF4B-00C04F79EFBC}") = "Sollatek.DataSync.Mongo.Tests", "tests\Sollatek.DataSync.Mongo.Tests\Sollatek.DataSync.Mongo.Tests.csproj", "{089BF98E-C951-4988-8138-BD1014DA8E5F}"
EndProject
Project("{FAE04EC0-301F-11D3-BF4B-00C04F79EFBC}") = "Sollatek.DataSync.Filesystem.Tests", "tests\Sollatek.DataSync.Filesystem.Tests\Sollatek.DataSync.Filesystem.Tests.csproj", "{7D2DABC7-6589-4443-9160-0A23FBBB733F}"
EndProject
Project("{FAE04EC0-301F-11D3-BF4B-00C04F79EFBC}") = "Sollatek.DataSync.Monitoring.OpenTelemetry", "Monitoring\Sollatek.DataSync.Monitoring.OpenTelemetry\Sollatek.DataSync.Monitoring.OpenTelemetry.csproj", "{35E218D9-7F56-48A9-9113-D41505C154F2}"
EndProject
Project("{FAE04EC0-301F-11D3-BF4B-00C04F79EFBC}") = "Sollatek.DataSync.Monitoring.Otlp", "Monitoring\Sollatek.DataSync.Monitoring.Otlp\Sollatek.DataSync.Monitoring.Otlp.csproj", "{AF88114E-913E-4F17-AA9E-8BB0365F9456}"
EndProject
Project("{FAE04EC0-301F-11D3-BF4B-00C04F79EFBC}") = "Sollatek.DataSync.Monitoring.AzureMonitor", "Monitoring\Sollatek.DataSync.Monitoring.AzureMonitor\Sollatek.DataSync.Monitoring.AzureMonitor.csproj", "{A556BA30-08EB-41A6-AB04-73DFABF24BE9}"
EndProject
Project("{FAE04EC0-301F-11D3-BF4B-00C04F79EFBC}") = "Sollatek.DataSync.Monitoring.StatusEndpoint", "Monitoring\Sollatek.DataSync.Monitoring.StatusEndpoint\Sollatek.DataSync.Monitoring.StatusEndpoint.csproj", "{035C6CD7-2A5B-4C1E-BE9C-7DA13750CD9E}"
EndProject
Project("{FAE04EC0-301F-11D3-BF4B-00C04F79EFBC}") = "Sollatek.DataSync.Export", "Sollatek.DataSync.Export\Sollatek.DataSync.Export.csproj", "{22502EC7-3B20-4AFB-B574-5E9F1D9918F7}"
EndProject
Project("{FAE04EC0-301F-11D3-BF4B-00C04F79EFBC}") = "Sollatek.DataSync.AzureBlob", "Stores\Sollatek.DataSync.AzureBlob\Sollatek.DataSync.AzureBlob.csproj", "{6C857ABF-B71F-4CA6-8B6E-CE0BBC3ED514}"
EndProject
Project("{FAE04EC0-301F-11D3-BF4B-00C04F79EFBC}") = "Sollatek.DataSync.AzureBlob.Tests", "tests\Sollatek.DataSync.AzureBlob.Tests\Sollatek.DataSync.AzureBlob.Tests.csproj", "{AEA85483-5AC4-4A2A-A101-FDA2AED243E2}"
EndProject
Global
	GlobalSection(SolutionConfigurationPlatforms) = preSolution
		Debug|Any CPU = Debug|Any CPU
		Debug|x64 = Debug|x64
		Debug|x86 = Debug|x86
		Release|Any CPU = Release|Any CPU
		Release|x64 = Release|x64
		Release|x86 = Release|x86
	EndGlobalSection
	GlobalSection(ProjectConfigurationPlatforms) = postSolution
		{5259B4FE-BE18-4194-898D-96ADBE170D6E}.Debug|Any CPU.ActiveCfg = Debug|Any CPU
		{5259B4FE-BE18-4194-898D-96ADBE170D6E}.Debug|Any CPU.Build.0 = Debug|Any CPU
		{5259B4FE-BE18-4194-898D-96ADBE170D6E}.Debug|x64.ActiveCfg = Debug|Any CPU
		{5259B4FE-BE18-4194-898D-96ADBE170D6E}.Debug|x64.Build.0 = Debug|Any CPU
		{5259B4FE-BE18-4194-898D-96ADBE170D6E}.Debug|x86.ActiveCfg = Debug|Any CPU
		{5259B4FE-BE18-4194-898D-96ADBE170D6E}.Debug|x86.Build.0 = Debug|Any CPU
		{5259B4FE-BE18-4194-898D-96ADBE170D6E}.Release|Any CPU.ActiveCfg = Release|Any CPU
		{5259B4FE-BE18-4194-898D-96ADBE170D6E}.Release|Any CPU.Build.0 = Release|Any CPU
		{5259B4FE-BE18-4194-898D-96ADBE170D6E}.Release|x64.ActiveCfg = Release|Any CPU
		{5259B4FE-BE18-4194-898D-96ADBE170D6E}.Release|x64.Build.0 = Release|Any CPU
		{5259B4FE-BE18-4194-898D-96ADBE170D6E}.Release|x86.ActiveCfg = Release|Any CPU
		{5259B4FE-BE18-4194-898D-96ADBE170D6E}.Release|x86.Build.0 = Release|Any CPU
		{92E7161D-43F3-473A-A9ED-5C385EC6BB34}.Debug|Any CPU.ActiveCfg = Debug|Any CPU
		{92E7161D-43F3-473A-A9ED-5C385EC6BB34}.Debug|Any CPU.Build.0 = Debug|Any CPU
		{92E7161D-43F3-473A-A9ED-5C385EC6BB34}.Debug|x64.ActiveCfg = Debug|Any CPU
		{92E7161D-43F3-473A-A9ED-5C385EC6BB34}.Debug|x64.Build.0 = Debug|Any CPU
		{92E7161D-43F3-473A-A9ED-5C385EC6BB34}.Debug|x86.ActiveCfg = Debug|Any CPU
		{92E7161D-43F3-473A-A9ED-5C385EC6BB34}.Debug|x86.Build.0 = Debug|Any CPU
		{92E7161D-43F3-473A-A9ED-5C385EC6BB34}.Release|Any CPU.ActiveCfg = Release|Any CPU
		{92E7161D-43F3-473A-A9ED-5C385EC6BB34}.Release|Any CPU.Build.0 = Release|Any CPU
		{92E7161D-43F3-473A-A9ED-5C385EC6BB34}.Release|x64.ActiveCfg = Release|Any CPU
		{92E7161D-43F3-473A-A9ED-5C385EC6BB34}.Release|x64.Build.0 = Release|Any CPU
		{92E7161D-43F3-473A-A9ED-5C385EC6BB34}.Release|x86.ActiveCfg = Release|Any CPU
		{92E7161D-43F3-473A-A9ED-5C385EC6BB34}.Release|x86.Build.0 = Release|Any CPU
		{29A0C457-884D-4552-B50D-E1A0A8D2D8DC}.Debug|Any CPU.ActiveCfg = Debug|Any CPU
		{29A0C457-884D-4552-B50D-E1A0A8D2D8DC}.Debug|Any CPU.Build.0 = Debug|Any CPU
		{29A0C457-884D-4552-B50D-E1A0A8D2D8DC}.Debug|x64.ActiveCfg = Debug|Any CPU
		{29A0C457-884D-4552-B50D-E1A0A8D2D8DC}.Debug|x64.Build.0 = Debug|Any CPU
		{29A0C457-884D-4552-B50D-E1A0A8D2D8DC}.Debug|x86.ActiveCfg = Debug|Any CPU
		{29A0C457-884D-4552-B50D-E1A0A8D2D8DC}.Debug|x86.Build.0 = Debug|Any CPU
		{29A0C457-884D-4552-B50D-E1A0A8D2D8DC}.Release|Any CPU.ActiveCfg = Release|Any CPU
		{29A0C457-884D-4552-B50D-E1A0A8D2D8DC}.Release|Any CPU.Build.0 = Release|Any CPU
		{29A0C457-884D-4552-B50D-E1A0A8D2D8DC}.Release|x64.ActiveCfg = Release|Any CPU
		{29A0C457-884D-4552-B50D-E1A0A8D2D8DC}.Release|x64.Build.0 = Release|Any CPU
		{29A0C457-884D-4552-B50D-E1A0A8D2D8DC}.Release|x86.ActiveCfg = Release|Any CPU
		{29A0C457-884D-4552-B50D-E1A0A8D2D8DC}.Release|x86.Build.0 = Release|Any CPU
		{32F473AC-1C90-4180-8968-115E6E944371}.Debug|Any CPU.ActiveCfg = Debug|Any CPU
		{32F473AC-1C90-4180-8968-115E6E944371}.Debug|Any CPU.Build.0 = Debug|Any CPU
		{32F473AC-1C90-4180-8968-115E6E944371}.Debug|x64.ActiveCfg = Debug|Any CPU
		{32F473AC-1C90-4180-8968-115E6E944371}.Debug|x64.Build.0 = Debug|Any CPU
		{32F473AC-1C90-4180-8968-115E6E944371}.Debug|x86.ActiveCfg = Debug|Any CPU
		{32F473AC-1C90-4180-8968-115E6E944371}.Debug|x86.Build.0 = Debug|Any CPU
		{32F473AC-1C90-4180-8968-115E6E944371}.Release|Any CPU.ActiveCfg = Release|Any CPU
		{32F473AC-1C90-4180-8968-115E6E944371}.Release|Any CPU.Build.0 = Release|Any CPU
		{32F473AC-1C90-4180-8968-115E6E944371}.Release|x64.ActiveCfg = Release|Any CPU
		{32F473AC-1C90-4180-8968-115E6E944371}.Release|x64.Build.0 = Release|Any CPU
		{32F473AC-1C90-4180-8968-115E6E944371}.Release|x86.ActiveCfg = Release|Any CPU
		{32F473AC-1C90-4180-8968-115E6E944371}.Release|x86.Build.0 = Release|Any CPU
		{865899F9-5B97-4295-9A40-5A5CBE3E62A8}.Debug|Any CPU.ActiveCfg = Debug|Any CPU
		{865899F9-5B97-4295-9A40-5A5CBE3E62A8}.Debug|Any CPU.Build.0 = Debug|Any CPU
		{865899F9-5B97-4295-9A40-5A5CBE3E62A8}.Debug|x64.ActiveCfg = Debug|Any CPU
		{865899F9-5B97-4295-9A40-5A5CBE3E62A8}.Debug|x64.Build.0 = Debug|Any CPU
		{865899F9-5B97-4295-9A40-5A5CBE3E62A8}.Debug|x86.ActiveCfg = Debug|Any CPU
		{865899F9-5B97-4295-9A40-5A5CBE3E62A8}.Debug|x86.Build.0 = Debug|Any CPU
		{865899F9-5B97-4295-9A40-5A5CBE3E62A8}.Release|Any CPU.ActiveCfg = Release|Any CPU
		{865899F9-5B97-4295-9A40-5A5CBE3E62A8}.Release|Any CPU.Build.0 = Release|Any CPU
		{865899F9-5B97-4295-9A40-5A5CBE3E62A8}.Release|x64.ActiveCfg = Release|Any CPU
		{865899F9-5B97-4295-9A40-5A5CBE3E62A8}.Release|x64.Build.0 = Release|Any CPU
		{865899F9-5B97-4295-9A40-5A5CBE3E62A8}.Release|x86.ActiveCfg = Release|Any CPU
		{865899F9-5B97-4295-9A40-5A5CBE3E62A8}.Release|x86.Build.0 = Release|Any CPU
		{4949982E-E491-445B-8900-DAE896F460FE}.Debug|Any CPU.ActiveCfg = Debug|Any CPU
		{4949982E-E491-445B-8900-DAE896F460FE}.Debug|Any CPU.Build.0 = Debug|Any CPU
		{4949982E-E491-445B-8900-DAE896F460FE}.Debug|x64.ActiveCfg = Debug|Any CPU
		{4949982E-E491-445B-8900-DAE896F460FE}.Debug|x64.Build.0 = Debug|Any CPU
		{4949982E-E491-445B-8900-DAE896F460FE}.Debug|x86.ActiveCfg = Debug|Any CPU
		{4949982E-E491-445B-8900-DAE896F460FE}.Debug|x86.Build.0 = Debug|Any CPU
		{4949982E-E491-445B-8900-DAE896F460FE}.Release|Any CPU.ActiveCfg = Release|Any CPU
		{4949982E-E491-445B-8900-DAE896F460FE}.Release|Any CPU.Build.0 = Release|Any CPU
		{4949982E-E491-445B-8900-DAE896F460FE}.Release|x64.ActiveCfg = Release|Any CPU
		{4949982E-E491-445B-8900-DAE896F460FE}.Release|x64.Build.0 = Release|Any CPU
		{4949982E-E491-445B-8900-DAE896F460FE}.Release|x86.ActiveCfg = Release|Any CPU
		{4949982E-E491-445B-8900-DAE896F460FE}.Release|x86.Build.0 = Release|Any CPU
		{83CFE439-20E7-47BC-B393-F2F7FF0F5D34}.Debug|Any CPU.ActiveCfg = Debug|Any CPU
		{83CFE439-20E7-47BC-B393-F2F7FF0F5D34}.Debug|Any CPU.Build.0 = Debug|Any CPU
		{83CFE439-20E7-47BC-B393-F2F7FF0F5D34}.Debug|x64.ActiveCfg = Debug|Any CPU
		{83CFE439-20E7-47BC-B393-F2F7FF0F5D34}.Debug|x64.Build.0 = Debug|Any CPU
		{83CFE439-20E7-47BC-B393-F2F7FF0F5D34}.Debug|x86.ActiveCfg = Debug|Any CPU
		{83CFE439-20E7-47BC-B393-F2F7FF0F5D34}.Debug|x86.Build.0 = Debug|Any CPU
		{83CFE439-20E7-47BC-B393-F2F7FF0F5D34}.Release|Any CPU.ActiveCfg = Release|Any CPU
		{83CFE439-20E7-47BC-B393-F2F7FF0F5D34}.Release|Any CPU.Build.0 = Release|Any CPU
		{83CFE439-20E7-47BC-B393-F2F7FF0F5D34}.Release|x64.ActiveCfg = Release|Any CPU
		{83CFE439-20E7-47BC-B393-F2F7FF0F5D34}.Release|x64.Build.0 = Release|Any CPU
		{83CFE439-20E7-47BC-B393-F2F7FF0F5D34}.Release|x86.ActiveCfg = Release|Any CPU
		{83CFE439-20E7-47BC-B393-F2F7FF0F5D34}.Release|x86.Build.0 = Release|Any CPU
		{1EAC11F8-AF3E-45F3-B9A9-39E6E364D858}.Debug|Any CPU.ActiveCfg = Debug|Any CPU
		{1EAC11F8-AF3E-45F3-B9A9-39E6E364D858}.Debug|Any CPU.Build.0 = Debug|Any CPU
		{1EAC11F8-AF3E-45F3-B9A9-39E6E364D858}.Debug|x64.ActiveCfg = Debug|Any CPU
		{1EAC11F8-AF3E-45F3-B9A9-39E6E364D858}.Debug|x64.Build.0 = Debug|Any CPU
		{1EAC11F8-AF3E-45F3-B9A9-39E6E364D858}.Debug|x86.ActiveCfg = Debug|Any CPU
		{1EAC11F8-AF3E-45F3-B9A9-39E6E364D858}.Debug|x86.Build.0 = Debug|Any CPU
		{1EAC11F8-AF3E-45F3-B9A9-39E6E364D858}.Release|Any CPU.ActiveCfg = Release|Any CPU
		{1EAC11F8-AF3E-45F3-B9A9-39E6E364D858}.Release|Any CPU.Build.0 = Release|Any CPU
		{1EAC11F8-AF3E-45F3-B9A9-39E6E364D858}.Release|x64.ActiveCfg = Release|Any CPU
		{1EAC11F8-AF3E-45F3-B9A9-39E6E364D858}.Release|x64.Build.0 = Release|Any CPU
		{1EAC11F8-AF3E-45F3-B9A9-39E6E364D858}.Release|x86.ActiveCfg = Release|Any CPU
		{1EAC11F8-AF3E-45F3-B9A9-39E6E364D858}.Release|x86.Build.0 = Release|Any CPU
		{089BF98E-C951-4988-8138-BD1014DA8E5F}.Debug|Any CPU.ActiveCfg = Debug|Any CPU
		{089BF98E-C951-4988-8138-BD1014DA8E5F}.Debug|Any CPU.Build.0 = Debug|Any CPU
		{089BF98E-C951-4988-8138-BD1014DA8E5F}.Debug|x64.ActiveCfg = Debug|Any CPU
		{089BF98E-C951-4988-8138-BD1014DA8E5F}.Debug|x64.Build.0 = Debug|Any CPU
		{089BF98E-C951-4988-8138-BD1014DA8E5F}.Debug|x86.ActiveCfg = Debug|Any CPU
		{089BF98E-C951-4988-8138-BD1014DA8E5F}.Debug|x86.Build.0 = Debug|Any CPU
		{089BF98E-C951-4988-8138-BD1014DA8E5F}.Release|Any CPU.ActiveCfg = Release|Any CPU
		{089BF98E-C951-4988-8138-BD1014DA8E5F}.Release|Any CPU.Build.0 = Release|Any CPU
		{089BF98E-C951-4988-8138-BD1014DA8E5F}.Release|x64.ActiveCfg = Release|Any CPU
		{089BF98E-C951-4988-8138-BD1014DA8E5F}.Release|x64.Build.0 = Release|Any CPU
		{089BF98E-C951-4988-8138-BD1014DA8E5F}.Release|x86.ActiveCfg = Release|Any CPU
		{089BF98E-C951-4988-8138-BD1014DA8E5F}.Release|x86.Build.0 = Release|Any CPU
		{7D2DABC7-6589-4443-9160-0A23FBBB733F}.Debug|Any CPU.ActiveCfg = Debug|Any CPU
		{7D2DABC7-6589-4443-9160-0A23FBBB733F}.Debug|Any CPU.Build.0 = Debug|Any CPU
		{7D2DABC7-6589-4443-9160-0A23FBBB733F}.Debug|x64.ActiveCfg = Debug|Any CPU
		{7D2DABC7-6589-4443-9160-0A23FBBB733F}.Debug|x64.Build.0 = Debug|Any CPU
		{7D2DABC7-6589-4443-9160-0A23FBBB733F}.Debug|x86.ActiveCfg = Debug|Any CPU
		{7D2DABC7-6589-4443-9160-0A23FBBB733F}.Debug|x86.Build.0 = Debug|Any CPU
		{7D2DABC7-6589-4443-9160-0A23FBBB733F}.Release|Any CPU.ActiveCfg = Release|Any CPU
		{7D2DABC7-6589-4443-9160-0A23FBBB733F}.Release|Any CPU.Build.0 = Release|Any CPU
		{7D2DABC7-6589-4443-9160-0A23FBBB733F}.Release|x64.ActiveCfg = Release|Any CPU
		{7D2DABC7-6589-4443-9160-0A23FBBB733F}.Release|x64.Build.0 = Release|Any CPU
		{7D2DABC7-6589-4443-9160-0A23FBBB733F}.Release|x86.ActiveCfg = Release|Any CPU
		{7D2DABC7-6589-4443-9160-0A23FBBB733F}.Release|x86.Build.0 = Release|Any CPU
		{35E218D9-7F56-48A9-9113-D41505C154F2}.Debug|Any CPU.ActiveCfg = Debug|Any CPU
		{35E218D9-7F56-48A9-9113-D41505C154F2}.Debug|Any CPU.Build.0 = Debug|Any CPU
		{35E218D9-7F56-48A9-9113-D41505C154F2}.Debug|x64.ActiveCfg = Debug|Any CPU
		{35E218D9-7F56-48A9-9113-D41505C154F2}.Debug|x64.Build.0 = Debug|Any CPU
		{35E218D9-7F56-48A9-9113-D41505C154F2}.Debug|x86.ActiveCfg = Debug|Any CPU
		{35E218D9-7F56-48A9-9113-D41505C154F2}.Debug|x86.Build.0 = Debug|Any CPU
		{35E218D9-7F56-48A9-9113-D41505C154F2}.Release|Any CPU.ActiveCfg = Release|Any CPU
		{35E218D9-7F56-48A9-9113-D41505C154F2}.Release|Any CPU.Build.0 = Release|Any CPU
		{35E218D9-7F56-48A9-9113-D41505C154F2}.Release|x64.ActiveCfg = Release|Any CPU
		{35E218D9-7F56-48A9-9113-D41505C154F2}.Release|x64.Build.0 = Release|Any CPU
		{35E218D9-7F56-48A9-9113-D41505C154F2}.Release|x86.ActiveCfg = Release|Any CPU
		{35E218D9-7F56-48A9-9113-D41505C154F2}.Release|x86.Build.0 = Release|Any CPU
		{AF88114E-913E-4F17-AA9E-8BB0365F9456}.Debug|Any CPU.ActiveCfg = Debug|Any CPU
		{AF88114E-913E-4F17-AA9E-8BB0365F9456}.Debug|Any CPU.Build.0 = Debug|Any CPU
		{AF88114E-913E-4F17-AA9E-8BB0365F9456}.Debug|x64.ActiveCfg = Debug|Any CPU
		{AF88114E-913E-4F17-AA9E-8BB0365F9456}.Debug|x64.Build.0 = Debug|Any CPU
		{AF88114E-913E-4F17-AA9E-8BB0365F9456}.Debug|x86.ActiveCfg = Debug|Any CPU
		{AF88114E-913E-4F17-AA9E-8BB0365F9456}.Debug|x86.Build.0 = Debug|Any CPU
		{AF88114E-913E-4F17-AA9E-8BB0365F9456}.Release|Any CPU.ActiveCfg = Release|Any CPU
		{AF88114E-913E-4F17-AA9E-8BB0365F9456}.Release|Any CPU.Build.0 = Release|Any CPU
		{AF88114E-913E-4F17-AA9E-8BB0365F9456}.Release|x64.ActiveCfg = Release|Any CPU
		{AF88114E-913E-4F17-AA9E-8BB0365F9456}.Release|x64.Build.0 = Release|Any CPU
		{AF88114E-913E-4F17-AA9E-8BB0365F9456}.Release|x86.ActiveCfg = Release|Any CPU
		{AF88114E-913E-4F17-AA9E-8BB0365F9456}.Release|x86.Build.0 = Release|Any CPU
		{A556BA30-08EB-41A6-AB04-73DFABF24BE9}.Debug|Any CPU.ActiveCfg = Debug|Any CPU
		{A556BA30-08EB-41A6-AB04-73DFABF24BE9}.Debug|Any CPU.Build.0 = Debug|Any CPU
		{A556BA30-08EB-41A6-AB04-73DFABF24BE9}.Debug|x64.ActiveCfg = Debug|Any CPU
		{A556BA30-08EB-41A6-AB04-73DFABF24BE9}.Debug|x64.Build.0 = Debug|Any CPU
		{A556BA30-08EB-41A6-AB04-73DFABF24BE9}.Debug|x86.ActiveCfg = Debug|Any CPU
		{A556BA30-08EB-41A6-AB04-73DFABF24BE9}.Debug|x86.Build.0 = Debug|Any CPU
		{A556BA30-08EB-41A6-AB04-73DFABF24BE9}.Release|Any CPU.ActiveCfg = Release|Any CPU
		{A556BA30-08EB-41A6-AB04-73DFABF24BE9}.Release|Any CPU.Build.0 = Release|Any CPU
		{A556BA30-08EB-41A6-AB04-73DFABF24BE9}.Release|x64.ActiveCfg = Release|Any CPU
		{A556BA30-08EB-41A6-AB04-73DFABF24BE9}.Release|x64.Build.0 = Release|Any CPU
		{A556BA30-08EB-41A6-AB04-73DFABF24BE9}.Release|x86.ActiveCfg = Release|Any CPU
		{A556BA30-08EB-41A6-AB04-73DFABF24BE9}.Release|x86.Build.0 = Release|Any CPU
		{035C6CD7-2A5B-4C1E-BE9C-7DA13750CD9E}.Debug|Any CPU.ActiveCfg = Debug|Any CPU
		{035C6CD7-2A5B-4C1E-BE9C-7DA13750CD9E}.Debug|Any CPU.Build.0 = Debug|Any CPU
		{035C6CD7-2A5B-4C1E-BE9C-7DA13750CD9E}.Debug|x64.ActiveCfg = Debug|Any CPU
		{035C6CD7-2A5B-4C1E-BE9C-7DA13750CD9E}.Debug|x64.Build.0 = Debug|Any CPU
		{035C6CD7-2A5B-4C1E-BE9C-7DA13750CD9E}.Debug|x86.ActiveCfg = Debug|Any CPU
		{035C6CD7-2A5B-4C1E-BE9C-7DA13750CD9E}.Debug|x86.Build.0 = Debug|Any CPU
		{035C6CD7-2A5B-4C1E-BE9C-7DA13750CD9E}.Release|Any CPU.ActiveCfg = Release|Any CPU
		{035C6CD7-2A5B-4C1E-BE9C-7DA13750CD9E}.Release|Any CPU.Build.0 = Release|Any CPU
		{035C6CD7-2A5B-4C1E-BE9C-7DA13750CD9E}.Release|x64.ActiveCfg = Release|Any CPU
		{035C6CD7-2A5B-4C1E-BE9C-7DA13750CD9E}.Release|x64.Build.0 = Release|Any CPU
		{035C6CD7-2A5B-4C1E-BE9C-7DA13750CD9E}.Release|x86.ActiveCfg = Release|Any CPU
		{035C6CD7-2A5B-4C1E-BE9C-7DA13750CD9E}.Release|x86.Build.0 = Release|Any CPU
		{22502EC7-3B20-4AFB-B574-5E9F1D9918F7}.Debug|Any CPU.ActiveCfg = Debug|Any CPU
		{22502EC7-3B20-4AFB-B574-5E9F1D9918F7}.Debug|Any CPU.Build.0 = Debug|Any CPU
		{22502EC7-3B20-4AFB-B574-5E9F1D9918F7}.Debug|x64.ActiveCfg = Debug|Any CPU
		{22502EC7-3B20-4AFB-B574-5E9F1D9918F7}.Debug|x64.Build.0 = Debug|Any CPU
		{22502EC7-3B20-4AFB-B574-5E9F1D9918F7}.Debug|x86.ActiveCfg = Debug|Any CPU
		{22502EC7-3B20-4AFB-B574-5E9F1D9918F7}.Debug|x86.Build.0 = Debug|Any CPU
		{22502EC7-3B20-4AFB-B574-5E9F1D9918F7}.Release|Any CPU.ActiveCfg = Release|Any CPU
		{22502EC7-3B20-4AFB-B574-5E9F1D9918F7}.Release|Any CPU.Build.0 = Release|Any CPU
		{22502EC7-3B20-4AFB-B574-5E9F1D9918F7}.Release|x64.ActiveCfg = Release|Any CPU
		{22502EC7-3B20-4AFB-B574-5E9F1D9918F7}.Release|x64.Build.0 = Release|Any CPU
		{22502EC7-3B20-4AFB-B574-5E9F1D9918F7}.Release|x86.ActiveCfg = Release|Any CPU
		{22502EC7-3B20-4AFB-B574-5E9F1D9918F7}.Release|x86.Build.0 = Release|Any CPU
		{6C857ABF-B71F-4CA6-8B6E-CE0BBC3ED514}.Debug|Any CPU.ActiveCfg = Debug|Any CPU
		{6C857ABF-B71F-4CA6-8B6E-CE0BBC3ED514}.Debug|Any CPU.Build.0 = Debug|Any CPU
		{6C857ABF-B71F-4CA6-8B6E-CE0BBC3ED514}.Debug|x64.ActiveCfg = Debug|Any CPU
		{6C857ABF-B71F-4CA6-8B6E-CE0BBC3ED514}.Debug|x64.Build.0 = Debug|Any CPU
		{6C857ABF-B71F-4CA6-8B6E-CE0BBC3ED514}.Debug|x86.ActiveCfg = Debug|Any CPU
		{6C857ABF-B71F-4CA6-8B6E-CE0BBC3ED514}.Debug|x86.Build.0 = Debug|Any CPU
		{6C857ABF-B71F-4CA6-8B6E-CE0BBC3ED514}.Release|Any CPU.ActiveCfg = Release|Any CPU
		{6C857ABF-B71F-4CA6-8B6E-CE0BBC3ED514}.Release|Any CPU.Build.0 = Release|Any CPU
		{6C857ABF-B71F-4CA6-8B6E-CE0BBC3ED514}.Release|x64.ActiveCfg = Release|Any CPU
		{6C857ABF-B71F-4CA6-8B6E-CE0BBC3ED514}.Release|x64.Build.0 = Release|Any CPU
		{6C857ABF-B71F-4CA6-8B6E-CE0BBC3ED514}.Release|x86.ActiveCfg = Release|Any CPU
		{6C857ABF-B71F-4CA6-8B6E-CE0BBC3ED514}.Release|x86.Build.0 = Release|Any CPU
		{AEA85483-5AC4-4A2A-A101-FDA2AED243E2}.Debug|Any CPU.ActiveCfg = Debug|Any CPU
		{AEA85483-5AC4-4A2A-A101-FDA2AED243E2}.Debug|Any CPU.Build.0 = Debug|Any CPU
		{AEA85483-5AC4-4A2A-A101-FDA2AED243E2}.Debug|x64.ActiveCfg = Debug|Any CPU
		{AEA85483-5AC4-4A2A-A101-FDA2AED243E2}.Debug|x64.Build.0 = Debug|Any CPU
		{AEA85483-5AC4-4A2A-A101-FDA2AED243E2}.Debug|x86.ActiveCfg = Debug|Any CPU
		{AEA85483-5AC4-4A2A-A101-FDA2AED243E2}.Debug|x86.Build.0 = Debug|Any CPU
		{AEA85483-5AC4-4A2A-A101-FDA2AED243E2}.Release|Any CPU.ActiveCfg = Release|Any CPU
		{AEA85483-5AC4-4A2A-A101-FDA2AED243E2}.Release|Any CPU.Build.0 = Release|Any CPU
		{AEA85483-5AC4-4A2A-A101-FDA2AED243E2}.Release|x64.ActiveCfg = Release|Any CPU
		{AEA85483-5AC4-4A2A-A101-FDA2AED243E2}.Release|x64.Build.0 = Release|Any CPU
		{AEA85483-5AC4-4A2A-A101-FDA2AED243E2}.Release|x86.ActiveCfg = Release|Any CPU
		{AEA85483-5AC4-4A2A-A101-FDA2AED243E2}.Release|x86.Build.0 = Release|Any CPU
	EndGlobalSection
	GlobalSection(SolutionProperties) = preSolution
		HideSolutionNode = FALSE
	EndGlobalSection
	GlobalSection(NestedProjects) = preSolution
		{32F473AC-1C90-4180-8968-115E6E944371} = {B58F8F0F-58E8-4E64-95F0-4F13E1D0A320}
		{865899F9-5B97-4295-9A40-5A5CBE3E62A8} = {B58F8F0F-58E8-4E64-95F0-4F13E1D0A320}
		{4949982E-E491-445B-8900-DAE896F460FE} = {B58F8F0F-58E8-4E64-95F0-4F13E1D0A320}
		{83CFE439-20E7-47BC-B393-F2F7FF0F5D34} = {0AB3BF05-4346-4AA6-1389-037BE0695223}
		{1EAC11F8-AF3E-45F3-B9A9-39E6E364D858} = {0AB3BF05-4346-4AA6-1389-037BE0695223}
		{089BF98E-C951-4988-8138-BD1014DA8E5F} = {0AB3BF05-4346-4AA6-1389-037BE0695223}
		{7D2DABC7-6589-4443-9160-0A23FBBB733F} = {0AB3BF05-4346-4AA6-1389-037BE0695223}
		{35E218D9-7F56-48A9-9113-D41505C154F2} = {A34E9D69-BD01-4F61-94B0-2DBBBD710524}
		{AF88114E-913E-4F17-AA9E-8BB0365F9456} = {A34E9D69-BD01-4F61-94B0-2DBBBD710524}
		{A556BA30-08EB-41A6-AB04-73DFABF24BE9} = {A34E9D69-BD01-4F61-94B0-2DBBBD710524}
		{035C6CD7-2A5B-4C1E-BE9C-7DA13750CD9E} = {A34E9D69-BD01-4F61-94B0-2DBBBD710524}
		{6C857ABF-B71F-4CA6-8B6E-CE0BBC3ED514} = {B58F8F0F-58E8-4E64-95F0-4F13E1D0A320}
		{AEA85483-5AC4-4A2A-A101-FDA2AED243E2} = {0AB3BF05-4346-4AA6-1389-037BE0695223}
	EndGlobalSection
EndGlobal
